
Microsoft Visual Studio Solution File, Format Version 12.00
# Visual Studio Version 16
VisualStudioVersion = 16.0.29613.14
MinimumVisualStudioVersion = 10.0.40219.1
Project("{FAE04EC0-301F-11D3-BF4B-00C04F79EFBC}") = "Irisi_M_301072868", "Irisi_M_301072868\Irisi_M_301072868.csproj", "{A73CAC78-BB9B-42B0-9E70-84EF10DAAEF6}"
EndProject
Global
	GlobalSection(SolutionConfigurationPlatforms) = preSolution
		Debug|Any CPU = Debug|Any CPU
		Release|Any CPU = Release|Any CPU
	EndGlobalSection
	GlobalSection(ProjectConfigurationPlatforms) = postSolution
		{A73CAC78-BB9B-42B0-9E70-84EF10DAAEF6}.Debug|Any CPU.ActiveCfg = Debug|Any CPU
		{A73CAC78-BB9B-42B0-9E70-84EF10DAAEF6}.Debug|Any CPU.Build.0 = Debug|Any CPU
		{A73CAC78-BB9B-42B0-9E70-84EF10DAAEF6}.Release|Any CPU.ActiveCfg = Release|Any CPU
		{A73CAC78-BB9B-42B0-9E70-84EF10DAAEF6}.Release|Any CPU.Build.0 = Release|Any CPU
	EndGlobalSection
	GlobalSection(SolutionProperties) = preSolution
		HideSolutionNode = FALSE
	EndGlobalSection
	GlobalSection(ExtensibilityGlobals) = postSolution
		SolutionGuid = {B311ACA6-A75B-432C-8FAB-6B8D5E65FF9C}
	EndGlobalSection
EndGlobal
